
Microsoft Visual Studio Solution File, Format Version 12.00
# Visual Studio Version 17
VisualStudioVersion = 17.14.36616.10 d17.14
MinimumVisualStudioVersion = 10.0.40219.1
Project("{FAE04EC0-301F-11D3-BF4B-00C04F79EFBC}") = "CafeManagerC-", "CafeManagerC-\CafeManagerC-.csproj", "{E1F47D59-3442-4646-B9A9-728DECF9B9EE}"
EndProject
Global
	GlobalSection(SolutionConfigurationPlatforms) = preSolution
		Debug|Any CPU = Debug|Any CPU
		Release|Any CPU = Release|Any CPU
	EndGlobalSection
	GlobalSection(ProjectConfigurationPlatforms) = postSolution
		{E1F47D59-3442-4646-B9A9-728DECF9B9EE}.Debug|Any CPU.ActiveCfg = Debug|Any CPU
		{E1F47D59-3442-4646-B9A9-728DECF9B9EE}.Debug|Any CPU.Build.0 = Debug|Any CPU
		{E1F47D59-3442-4646-B9A9-728DECF9B9EE}.Release|Any CPU.ActiveCfg = Release|Any CPU
		{E1F47D59-3442-4646-B9A9-728DECF9B9EE}.Release|Any CPU.Build.0 = Release|Any CPU
	EndGlobalSection
	GlobalSection(SolutionProperties) = preSolution
		HideSolutionNode = FALSE
	EndGlobalSection
	GlobalSection(ExtensibilityGlobals) = postSolution
		SolutionGuid = {D644C2E7-5994-488A-804F-FD92004E8B57}
	EndGlobalSection
EndGlobal
